
Microsoft Visual Studio Solution File, Format Version 12.00
# Visual Studio 14
VisualStudioVersion = 14.0.25420.1
MinimumVisualStudioVersion = 10.0.40219.1
Project("{FAE04EC0-301F-11D3-BF4B-00C04F79EFBC}") = "DevsDNA.XFParallax", "DevsDNA.XFParallax\DevsDNA.XFParallax.csproj", "{67F9D3A8-F71E-4428-913F-C37AE82CDB24}"
EndProject
Project("{2150E333-8FDC-42A3-9474-1A3956D46DE8}") = "ParallaxView", "ParallaxView", "{00727F92-5CEC-4B5F-B679-8AA07ACD357B}"
EndProject
Project("{2150E333-8FDC-42A3-9474-1A3956D46DE8}") = "Sample", "Sample", "{FC68691D-D6E6-4E03-A511-6EA1EAF48223}"
EndProject
Project("{FAE04EC0-301F-11D3-BF4B-00C04F79EFBC}") = "DevsDNA.XFParallax.Sample", "DevsDNA.XFParallax.Sample\DevsDNA.XFParallax.Sample\DevsDNA.XFParallax.Sample.csproj", "{C104FB67-F533-40DC-ABDC-D8685B05A314}"
EndProject
Project("{FAE04EC0-301F-11D3-BF4B-00C04F79EFBC}") = "DevsDNA.XFParallax.Sample.Droid", "DevsDNA.XFParallax.Sample\DevsDNA.XFParallax.Sample.Droid\DevsDNA.XFParallax.Sample.Droid.csproj", "{983F3A89-D9C7-4B6D-9B3B-E16C312C6A56}"
EndProject
Project("{FAE04EC0-301F-11D3-BF4B-00C04F79EFBC}") = "DevsDNA.XFParallax.Sample.iOS", "DevsDNA.XFParallax.Sample\DevsDNA.XFParallax.Sample.iOS\DevsDNA.XFParallax.Sample.iOS.csproj", "{6E4CAD49-AFDB-4F04-9236-7D081310CF64}"
EndProject
Project("{FAE04EC0-301F-11D3-BF4B-00C04F79EFBC}") = "DevsDNA.XFParallax.Sample.UWP", "DevsDNA.XFParallax.Sample\DevsDNA.XFParallax.Sample.UWP\DevsDNA.XFParallax.Sample.UWP.csproj", "{BD03AC12-B6B2-49C6-95EA-2B40BA2A52AA}"
EndProject
Global
	GlobalSection(SolutionConfigurationPlatforms) = preSolution
		Ad-Hoc|Any CPU = Ad-Hoc|Any CPU
		Ad-Hoc|ARM = Ad-Hoc|ARM
		Ad-Hoc|iPhone = Ad-Hoc|iPhone
		Ad-Hoc|iPhoneSimulator = Ad-Hoc|iPhoneSimulator
		Ad-Hoc|x64 = Ad-Hoc|x64
		Ad-Hoc|x86 = Ad-Hoc|x86
		AppStore|Any CPU = AppStore|Any CPU
		AppStore|ARM = AppStore|ARM
		AppStore|iPhone = AppStore|iPhone
		AppStore|iPhoneSimulator = AppStore|iPhoneSimulator
		AppStore|x64 = AppStore|x64
		AppStore|x86 = AppStore|x86
		Debug|Any CPU = Debug|Any CPU
		Debug|ARM = Debug|ARM
		Debug|iPhone = Debug|iPhone
		Debug|iPhoneSimulator = Debug|iPhoneSimulator
		Debug|x64 = Debug|x64
		Debug|x86 = Debug|x86
		Release|Any CPU = Release|Any CPU
		Release|ARM = Release|ARM
		Release|iPhone = Release|iPhone
		Release|iPhoneSimulator = Release|iPhoneSimulator
		Release|x64 = Release|x64
		Release|x86 = Release|x86
	EndGlobalSection
	GlobalSection(ProjectConfigurationPlatforms) = postSolution
		{67F9D3A8-F71E-4428-913F-C37AE82CDB24}.Ad-Hoc|Any CPU.ActiveCfg = Release|Any CPU
		{67F9D3A8-F71E-4428-913F-C37AE82CDB24}.Ad-Hoc|Any CPU.Build.0 = Release|Any CPU
		{67F9D3A8-F71E-4428-913F-C37AE82CDB24}.Ad-Hoc|ARM.ActiveCfg = Release|Any CPU
		{67F9D3A8-F71E-4428-913F-C37AE82CDB24}.Ad-Hoc|ARM.Build.0 = Release|Any CPU
		{67F9D3A8-F71E-4428-913F-C37AE82CDB24}.Ad-Hoc|iPhone.ActiveCfg = Release|Any CPU
		{67F9D3A8-F71E-4428-913F-C37AE82CDB24}.Ad-Hoc|iPhone.Build.0 = Release|Any CPU
		{67F9D3A8-F71E-4428-913F-C37AE82CDB24}.Ad-Hoc|iPhoneSimulator.ActiveCfg = Release|Any CPU
		{67F9D3A8-F71E-4428-913F-C37AE82CDB24}.Ad-Hoc|iPhoneSimulator.Build.0 = Release|Any CPU
		{67F9D3A8-F71E-4428-913F-C37AE82CDB24}.Ad-Hoc|x64.ActiveCfg = Release|Any CPU
		{67F9D3A8-F71E-4428-913F-C37AE82CDB24}.Ad-Hoc|x64.Build.0 = Release|Any CPU
		{67F9D3A8-F71E-4428-913F-C37AE82CDB24}.Ad-Hoc|x86.ActiveCfg = Release|Any CPU
		{67F9D3A8-F71E-4428-913F-C37AE82CDB24}.Ad-Hoc|x86.Build.0 = Release|Any CPU
		{67F9D3A8-F71E-4428-913F-C37AE82CDB24}.AppStore|Any CPU.ActiveCfg = Release|Any CPU
		{67F9D3A8-F71E-4428-913F-C37AE82CDB24}.AppStore|Any CPU.Build.0 = Release|Any CPU
		{67F9D3A8-F71E-4428-913F-C37AE82CDB24}.AppStore|ARM.ActiveCfg = Release|Any CPU
		{67F9D3A8-F71E-4428-913F-C37AE82CDB24}.AppStore|ARM.Build.0 = Release|Any CPU
		{67F9D3A8-F71E-4428-913F-C37AE82CDB24}.AppStore|iPhone.ActiveCfg = Release|Any CPU
		{67F9D3A8-F71E-4428-913F-C37AE82CDB24}.AppStore|iPhone.Build.0 = Release|Any CPU
		{67F9D3A8-F71E-4428-913F-C37AE82CDB24}.AppStore|iPhoneSimulator.ActiveCfg = Release|Any CPU
		{67F9D3A8-F71E-4428-913F-C37AE82CDB24}.AppStore|iPhoneSimulator.Build.0 = Release|Any CPU
		{67F9D3A8-F71E-4428-913F-C37AE82CDB24}.AppStore|x64.ActiveCfg = Release|Any CPU
		{67F9D3A8-F71E-4428-913F-C37AE82CDB24}.AppStore|x64.Build.0 = Release|Any CPU
		{67F9D3A8-F71E-4428-913F-C37AE82CDB24}.AppStore|x86.ActiveCfg = Release|Any CPU
		{67F9D3A8-F71E-4428-913F-C37AE82CDB24}.AppStore|x86.Build.0 = Release|Any CPU
		{67F9D3A8-F71E-4428-913F-C37AE82CDB24}.Debug|Any CPU.ActiveCfg = Debug|Any CPU
		{67F9D3A8-F71E-4428-913F-C37AE82CDB24}.Debug|Any CPU.Build.0 = Debug|Any CPU
		{67F9D3A8-F71E-4428-913F-C37AE82CDB24}.Debug|ARM.ActiveCfg = Debug|Any CPU
		{67F9D3A8-F71E-4428-913F-C37AE82CDB24}.Debug|ARM.Build.0 = Debug|Any CPU
		{67F9D3A8-F71E-4428-913F-C37AE82CDB24}.Debug|iPhone.ActiveCfg = Debug|Any CPU
		{67F9D3A8-F71E-4428-913F-C37AE82CDB24}.Debug|iPhone.Build.0 = Debug|Any CPU
		{67F9D3A8-F71E-4428-913F-C37AE82CDB24}.Debug|iPhoneSimulator.ActiveCfg = Debug|Any CPU
		{67F9D3A8-F71E-4428-913F-C37AE82CDB24}.Debug|iPhoneSimulator.Build.0 = Debug|Any CPU
		{67F9D3A8-F71E-4428-913F-C37AE82CDB24}.Debug|x64.ActiveCfg = Debug|Any CPU
		{67F9D3A8-F71E-4428-913F-C37AE82CDB24}.Debug|x64.Build.0 = Debug|Any CPU
		{67F9D3A8-F71E-4428-913F-C37AE82CDB24}.Debug|x86.ActiveCfg = Debug|Any CPU
		{67F9D3A8-F71E-4428-913F-C37AE82CDB24}.Debug|x86.Build.0 = Debug|Any CPU
		{67F9D3A8-F71E-4428-913F-C37AE82CDB24}.Release|Any CPU.ActiveCfg = Release|Any CPU
		{67F9D3A8-F71E-4428-913F-C37AE82CDB24}.Release|Any CPU.Build.0 = Release|Any CPU
		{67F9D3A8-F71E-4428-913F-C37AE82CDB24}.Release|ARM.ActiveCfg = Release|Any CPU
		{67F9D3A8-F71E-4428-913F-C37AE82CDB24}.Release|ARM.Build.0 = Release|Any CPU
		{67F9D3A8-F71E-4428-913F-C37AE82CDB24}.Release|iPhone.ActiveCfg = Release|Any CPU
		{67F9D3A8-F71E-4428-913F-C37AE82CDB24}.Release|iPhone.Build.0 = Release|Any CPU
		{67F9D3A8-F71E-4428-913F-C37AE82CDB24}.Release|iPhoneSimulator.ActiveCfg = Release|Any CPU
		{67F9D3A8-F71E-4428-913F-C37AE82CDB24}.Release|iPhoneSimulator.Build.0 = Release|Any CPU
		{67F9D3A8-F71E-4428-913F-C37AE82CDB24}.Release|x64.ActiveCfg = Release|Any CPU
		{67F9D3A8-F71E-4428-913F-C37AE82CDB24}.Release|x64.Build.0 = Release|Any CPU
		{67F9D3A8-F71E-4428-913F-C37AE82CDB24}.Release|x86.ActiveCfg = Release|Any CPU
		{67F9D3A8-F71E-4428-913F-C37AE82CDB24}.Release|x86.Build.0 = Release|Any CPU
		{C104FB67-F533-40DC-ABDC-D8685B05A314}.Ad-Hoc|Any CPU.ActiveCfg = Release|Any CPU
		{C104FB67-F533-40DC-ABDC-D8685B05A314}.Ad-Hoc|Any CPU.Build.0 = Release|Any CPU
		{C104FB67-F533-40DC-ABDC-D8685B05A314}.Ad-Hoc|ARM.ActiveCfg = Release|Any CPU
		{C104FB67-F533-40DC-ABDC-D8685B05A314}.Ad-Hoc|ARM.Build.0 = Release|Any CPU
		{C104FB67-F533-40DC-ABDC-D8685B05A314}.Ad-Hoc|iPhone.ActiveCfg = Release|Any CPU
		{C104FB67-F533-40DC-ABDC-D8685B05A314}.Ad-Hoc|iPhone.Build.0 = Release|Any CPU
		{C104FB67-F533-40DC-ABDC-D8685B05A314}.Ad-Hoc|iPhoneSimulator.ActiveCfg = Release|Any CPU
		{C104FB67-F533-40DC-ABDC-D8685B05A314}.Ad-Hoc|iPhoneSimulator.Build.0 = Release|Any CPU
		{C104FB67-F533-40DC-ABDC-D8685B05A314}.Ad-Hoc|x64.ActiveCfg = Release|Any CPU
		{C104FB67-F533-40DC-ABDC-D8685B05A314}.Ad-Hoc|x64.Build.0 = Release|Any CPU
		{C104FB67-F533-40DC-ABDC-D8685B05A314}.Ad-Hoc|x86.ActiveCfg = Release|Any CPU
		{C104FB67-F533-40DC-ABDC-D8685B05A314}.Ad-Hoc|x86.Build.0 = Release|Any CPU
		{C104FB67-F533-40DC-ABDC-D8685B05A314}.AppStore|Any CPU.ActiveCfg = Release|Any CPU
		{C104FB67-F533-40DC-ABDC-D8685B05A314}.AppStore|Any CPU.Build.0 = Release|Any CPU
		{C104FB67-F533-40DC-ABDC-D8685B05A314}.AppStore|ARM.ActiveCfg = Release|Any CPU
		{C104FB67-F533-40DC-ABDC-D8685B05A314}.AppStore|ARM.Build.0 = Release|Any CPU
		{C104FB67-F533-40DC-ABDC-D8685B05A314}.AppStore|iPhone.ActiveCfg = Release|Any CPU
		{C104FB67-F533-40DC-ABDC-D8685B05A314}.AppStore|iPhone.Build.0 = Release|Any CPU
		{C104FB67-F533-40DC-ABDC-D8685B05A314}.AppStore|iPhoneSimulator.ActiveCfg = Release|Any CPU
		{C104FB67-F533-40DC-ABDC-D8685B05A314}.AppStore|iPhoneSimulator.Build.0 = Release|Any CPU
		{C104FB67-F533-40DC-ABDC-D8685B05A314}.AppStore|x64.ActiveCfg = Release|Any CPU
		{C104FB67-F533-40DC-ABDC-D8685B05A314}.AppStore|x64.Build.0 = Release|Any CPU
		{C104FB67-F533-40DC-ABDC-D8685B05A314}.AppStore|x86.ActiveCfg = Release|Any CPU
		{C104FB67-F533-40DC-ABDC-D8685B05A314}.AppStore|x86.Build.0 = Release|Any CPU
		{C104FB67-F533-40DC-ABDC-D8685B05A314}.Debug|Any CPU.ActiveCfg = Debug|Any CPU
		{C104FB67-F533-40DC-ABDC-D8685B05A314}.Debug|Any CPU.Build.0 = Debug|Any CPU
		{C104FB67-F533-40DC-ABDC-D8685B05A314}.Debug|ARM.ActiveCfg = Debug|Any CPU
		{C104FB67-F533-40DC-ABDC-D8685B05A314}.Debug|ARM.Build.0 = Debug|Any CPU
		{C104FB67-F533-40DC-ABDC-D8685B05A314}.Debug|iPhone.ActiveCfg = Debug|Any CPU
		{C104FB67-F533-40DC-ABDC-D8685B05A314}.Debug|iPhone.Build.0 = Debug|Any CPU
		{C104FB67-F533-40DC-ABDC-D8685B05A314}.Debug|iPhoneSimulator.ActiveCfg = Debug|Any CPU
		{C104FB67-F533-40DC-ABDC-D8685B05A314}.Debug|iPhoneSimulator.Build.0 = Debug|Any CPU
		{C104FB67-F533-40DC-ABDC-D8685B05A314}.Debug|x64.ActiveCfg = Debug|Any CPU
		{C104FB67-F533-40DC-ABDC-D8685B05A314}.Debug|x64.Build.0 = Debug|Any CPU
		{C104FB67-F533-40DC-ABDC-D8685B05A314}.Debug|x86.ActiveCfg = Debug|Any CPU
		{C104FB67-F533-40DC-ABDC-D8685B05A314}.Debug|x86.Build.0 = Debug|Any CPU
		{C104FB67-F533-40DC-ABDC-D8685B05A314}.Release|Any CPU.ActiveCfg = Release|Any CPU
		{C104FB67-F533-40DC-ABDC-D8685B05A314}.Release|Any CPU.Build.0 = Release|Any CPU
		{C104FB67-F533-40DC-ABDC-D8685B05A314}.Release|ARM.ActiveCfg = Release|Any CPU
		{C104FB67-F533-40DC-ABDC-D8685B05A314}.Release|ARM.Build.0 = Release|Any CPU
		{C104FB67-F533-40DC-ABDC-D8685B05A314}.Release|iPhone.ActiveCfg = Release|Any CPU
		{C104FB67-F533-40DC-ABDC-D8685B05A314}.Release|iPhone.Build.0 = Release|Any CPU
		{C104FB67-F533-40DC-ABDC-D8685B05A314}.Release|iPhoneSimulator.ActiveCfg = Release|Any CPU
		{C104FB67-F533-40DC-ABDC-D8685B05A314}.Release|iPhoneSimulator.Build.0 = Release|Any CPU
		{C104FB67-F533-40DC-ABDC-D8685B05A314}.Release|x64.ActiveCfg = Release|Any CPU
		{C104FB67-F533-40DC-ABDC-D8685B05A314}.Release|x64.Build.0 = Release|Any CPU
		{C104FB67-F533-40DC-ABDC-D8685B05A314}.Release|x86.ActiveCfg = Release|Any CPU
		{C104FB67-F533-40DC-ABDC-D8685B05A314}.Release|x86.Build.0 = Release|Any CPU
		{983F3A89-D9C7-4B6D-9B3B-E16C312C6A56}.Ad-Hoc|Any CPU.ActiveCfg = Release|Any CPU
		{983F3A89-D9C7-4B6D-9B3B-E16C312C6A56}.Ad-Hoc|Any CPU.Build.0 = Release|Any CPU
		{983F3A89-D9C7-4B6D-9B3B-E16C312C6A56}.Ad-Hoc|Any CPU.Deploy.0 = Release|Any CPU
		{983F3A89-D9C7-4B6D-9B3B-E16C312C6A56}.Ad-Hoc|ARM.ActiveCfg = Release|Any CPU
		{983F3A89-D9C7-4B6D-9B3B-E16C312C6A56}.Ad-Hoc|ARM.Build.0 = Release|Any CPU
		{983F3A89-D9C7-4B6D-9B3B-E16C312C6A56}.Ad-Hoc|ARM.Deploy.0 = Release|Any CPU
		{983F3A89-D9C7-4B6D-9B3B-E16C312C6A56}.Ad-Hoc|iPhone.ActiveCfg = Release|Any CPU
		{983F3A89-D9C7-4B6D-9B3B-E16C312C6A56}.Ad-Hoc|iPhone.Build.0 = Release|Any CPU
		{983F3A89-D9C7-4B6D-9B3B-E16C312C6A56}.Ad-Hoc|iPhone.Deploy.0 = Release|Any CPU
		{983F3A89-D9C7-4B6D-9B3B-E16C312C6A56}.Ad-Hoc|iPhoneSimulator.ActiveCfg = Release|Any CPU
		{983F3A89-D9C7-4B6D-9B3B-E16C312C6A56}.Ad-Hoc|iPhoneSimulator.Build.0 = Release|Any CPU
		{983F3A89-D9C7-4B6D-9B3B-E16C312C6A56}.Ad-Hoc|iPhoneSimulator.Deploy.0 = Release|Any CPU
		{983F3A89-D9C7-4B6D-9B3B-E16C312C6A56}.Ad-Hoc|x64.ActiveCfg = Release|Any CPU
		{983F3A89-D9C7-4B6D-9B3B-E16C312C6A56}.Ad-Hoc|x64.Build.0 = Release|Any CPU
		{983F3A89-D9C7-4B6D-9B3B-E16C312C6A56}.Ad-Hoc|x64.Deploy.0 = Release|Any CPU
		{983F3A89-D9C7-4B6D-9B3B-E16C312C6A56}.Ad-Hoc|x86.ActiveCfg = Release|Any CPU
		{983F3A89-D9C7-4B6D-9B3B-E16C312C6A56}.Ad-Hoc|x86.Build.0 = Release|Any CPU
		{983F3A89-D9C7-4B6D-9B3B-E16C312C6A56}.Ad-Hoc|x86.Deploy.0 = Release|Any CPU
		{983F3A89-D9C7-4B6D-9B3B-E16C312C6A56}.AppStore|Any CPU.ActiveCfg = Release|Any CPU
		{983F3A89-D9C7-4B6D-9B3B-E16C312C6A56}.AppStore|Any CPU.Build.0 = Release|Any CPU
		{983F3A89-D9C7-4B6D-9B3B-E16C312C6A56}.AppStore|Any CPU.Deploy.0 = Release|Any CPU
		{983F3A89-D9C7-4B6D-9B3B-E16C312C6A56}.AppStore|ARM.ActiveCfg = Release|Any CPU
		{983F3A89-D9C7-4B6D-9B3B-E16C312C6A56}.AppStore|ARM.Build.0 = Release|Any CPU
		{983F3A89-D9C7-4B6D-9B3B-E16C312C6A56}.AppStore|ARM.Deploy.0 = Release|Any CPU
		{983F3A89-D9C7-4B6D-9B3B-E16C312C6A56}.AppStore|iPhone.ActiveCfg = Release|Any CPU
		{983F3A89-D9C7-4B6D-9B3B-E16C312C6A56}.AppStore|iPhone.Build.0 = Release|Any CPU
		{983F3A89-D9C7-4B6D-9B3B-E16C312C6A56}.AppStore|iPhone.Deploy.0 = Release|Any CPU
		{983F3A89-D9C7-4B6D-9B3B-E16C312C6A56}.AppStore|iPhoneSimulator.ActiveCfg = Release|Any CPU
		{983F3A89-D9C7-4B6D-9B3B-E16C312C6A56}.AppStore|iPhoneSimulator.Build.0 = Release|Any CPU
		{983F3A89-D9C7-4B6D-9B3B-E16C312C6A56}.AppStore|iPhoneSimulator.Deploy.0 = Release|Any CPU
		{983F3A89-D9C7-4B6D-9B3B-E16C312C6A56}.AppStore|x64.ActiveCfg = Release|Any CPU
		{983F3A89-D9C7-4B6D-9B3B-E16C312C6A56}.AppStore|x64.Build.0 = Release|Any CPU
		{983F3A89-D9C7-4B6D-9B3B-E16C312C6A56}.AppStore|x64.Deploy.0 = Release|Any CPU
		{983F3A89-D9C7-4B6D-9B3B-E16C312C6A56}.AppStore|x86.ActiveCfg = Release|Any CPU
		{983F3A89-D9C7-4B6D-9B3B-E16C312C6A56}.AppStore|x86.Build.0 = Release|Any CPU
		{983F3A89-D9C7-4B6D-9B3B-E16C312C6A56}.AppStore|x86.Deploy.0 = Release|Any CPU
		{983F3A89-D9C7-4B6D-9B3B-E16C312C6A56}.Debug|Any CPU.ActiveCfg = Debug|Any CPU
		{983F3A89-D9C7-4B6D-9B3B-E16C312C6A56}.Debug|Any CPU.Build.0 = Debug|Any CPU
		{983F3A89-D9C7-4B6D-9B3B-E16C312C6A56}.Debug|Any CPU.Deploy.0 = Debug|Any CPU
		{983F3A89-D9C7-4B6D-9B3B-E16C312C6A56}.Debug|ARM.ActiveCfg = Debug|Any CPU
		{983F3A89-D9C7-4B6D-9B3B-E16C312C6A56}.Debug|ARM.Build.0 = Debug|Any CPU
		{983F3A89-D9C7-4B6D-9B3B-E16C312C6A56}.Debug|ARM.Deploy.0 = Debug|Any CPU
		{983F3A89-D9C7-4B6D-9B3B-E16C312C6A56}.Debug|iPhone.ActiveCfg = Debug|Any CPU
		{983F3A89-D9C7-4B6D-9B3B-E16C312C6A56}.Debug|iPhone.Build.0 = Debug|Any CPU
		{983F3A89-D9C7-4B6D-9B3B-E16C312C6A56}.Debug|iPhone.Deploy.0 = Debug|Any CPU
		{983F3A89-D9C7-4B6D-9B3B-E16C312C6A56}.Debug|iPhoneSimulator.ActiveCfg = Debug|Any CPU
		{983F3A89-D9C7-4B6D-9B3B-E16C312C6A56}.Debug|iPhoneSimulator.Build.0 = Debug|Any CPU
		{983F3A89-D9C7-4B6D-9B3B-E16C312C6A56}.Debug|iPhoneSimulator.Deploy.0 = Debug|Any CPU
		{983F3A89-D9C7-4B6D-9B3B-E16C312C6A56}.Debug|x64.ActiveCfg = Debug|Any CPU
		{983F3A89-D9C7-4B6D-9B3B-E16C312C6A56}.Debug|x64.Build.0 = Debug|Any CPU
		{983F3A89-D9C7-4B6D-9B3B-E16C312C6A56}.Debug|x64.Deploy.0 = Debug|Any CPU
		{983F3A89-D9C7-4B6D-9B3B-E16C312C6A56}.Debug|x86.ActiveCfg = Debug|Any CPU
		{983F3A89-D9C7-4B6D-9B3B-E16C312C6A56}.Debug|x86.Build.0 = Debug|Any CPU
		{983F3A89-D9C7-4B6D-9B3B-E16C312C6A56}.Debug|x86.Deploy.0 = Debug|Any CPU
		{983F3A89-D9C7-4B6D-9B3B-E16C312C6A56}.Release|Any CPU.ActiveCfg = Release|Any CPU
		{983F3A89-D9C7-4B6D-9B3B-E16C312C6A56}.Release|Any CPU.Build.0 = Release|Any CPU
		{983F3A89-D9C7-4B6D-9B3B-E16C312C6A56}.Release|Any CPU.Deploy.0 = Release|Any CPU
		{983F3A89-D9C7-4B6D-9B3B-E16C312C6A56}.Release|ARM.ActiveCfg = Release|Any CPU
		{983F3A89-D9C7-4B6D-9B3B-E16C312C6A56}.Release|ARM.Build.0 = Release|Any CPU
		{983F3A89-D9C7-4B6D-9B3B-E16C312C6A56}.Release|ARM.Deploy.0 = Release|Any CPU
		{983F3A89-D9C7-4B6D-9B3B-E16C312C6A56}.Release|iPhone.ActiveCfg = Release|Any CPU
		{983F3A89-D9C7-4B6D-9B3B-E16C312C6A56}.Release|iPhone.Build.0 = Release|Any CPU
		{983F3A89-D9C7-4B6D-9B3B-E16C312C6A56}.Release|iPhone.Deploy.0 = Release|Any CPU
		{983F3A89-D9C7-4B6D-9B3B-E16C312C6A56}.Release|iPhoneSimulator.ActiveCfg = Release|Any CPU
		{983F3A89-D9C7-4B6D-9B3B-E16C312C6A56}.Release|iPhoneSimulator.Build.0 = Release|Any CPU
		{983F3A89-D9C7-4B6D-9B3B-E16C312C6A56}.Release|iPhoneSimulator.Deploy.0 = Release|Any CPU
		{983F3A89-D9C7-4B6D-9B3B-E16C312C6A56}.Release|x64.ActiveCfg = Release|Any CPU
		{983F3A89-D9C7-4B6D-9B3B-E16C312C6A56}.Release|x64.Build.0 = Release|Any CPU
		{983F3A89-D9C7-4B6D-9B3B-E16C312C6A56}.Release|x64.Deploy.0 = Release|Any CPU
		{983F3A89-D9C7-4B6D-9B3B-E16C312C6A56}.Release|x86.ActiveCfg = Release|Any CPU
		{983F3A89-D9C7-4B6D-9B3B-E16C312C6A56}.Release|x86.Build.0 = Release|Any CPU
		{983F3A89-D9C7-4B6D-9B3B-E16C312C6A56}.Release|x86.Deploy.0 = Release|Any CPU
		{6E4CAD49-AFDB-4F04-9236-7D081310CF64}.Ad-Hoc|Any CPU.ActiveCfg = Ad-Hoc|iPhone
		{6E4CAD49-AFDB-4F04-9236-7D081310CF64}.Ad-Hoc|ARM.ActiveCfg = Ad-Hoc|iPhone
		{6E4CAD49-AFDB-4F04-9236-7D081310CF64}.Ad-Hoc|iPhone.ActiveCfg = Ad-Hoc|iPhone
		{6E4CAD49-AFDB-4F04-9236-7D081310CF64}.Ad-Hoc|iPhone.Build.0 = Ad-Hoc|iPhone
		{6E4CAD49-AFDB-4F04-9236-7D081310CF64}.Ad-Hoc|iPhoneSimulator.ActiveCfg = Ad-Hoc|iPhoneSimulator
		{6E4CAD49-AFDB-4F04-9236-7D081310CF64}.Ad-Hoc|iPhoneSimulator.Build.0 = Ad-Hoc|iPhoneSimulator
		{6E4CAD49-AFDB-4F04-9236-7D081310CF64}.Ad-Hoc|x64.ActiveCfg = Ad-Hoc|iPhone
		{6E4CAD49-AFDB-4F04-9236-7D081310CF64}.Ad-Hoc|x86.ActiveCfg = Ad-Hoc|iPhone
		{6E4CAD49-AFDB-4F04-9236-7D081310CF64}.AppStore|Any CPU.ActiveCfg = AppStore|iPhone
		{6E4CAD49-AFDB-4F04-9236-7D081310CF64}.AppStore|ARM.ActiveCfg = AppStore|iPhone
		{6E4CAD49-AFDB-4F04-9236-7D081310CF64}.AppStore|iPhone.ActiveCfg = AppStore|iPhone
		{6E4CAD49-AFDB-4F04-9236-7D081310CF64}.AppStore|iPhone.Build.0 = AppStore|iPhone
		{6E4CAD49-AFDB-4F04-9236-7D081310CF64}.AppStore|iPhoneSimulator.ActiveCfg = AppStore|iPhoneSimulator
		{6E4CAD49-AFDB-4F04-9236-7D081310CF64}.AppStore|iPhoneSimulator.Build.0 = AppStore|iPhoneSimulator
		{6E4CAD49-AFDB-4F04-9236-7D081310CF64}.AppStore|x64.ActiveCfg = AppStore|iPhone
		{6E4CAD49-AFDB-4F04-9236-7D081310CF64}.AppStore|x86.ActiveCfg = AppStore|iPhone
		{6E4CAD49-AFDB-4F04-9236-7D081310CF64}.Debug|Any CPU.ActiveCfg = Debug|iPhone
		{6E4CAD49-AFDB-4F04-9236-7D081310CF64}.Debug|ARM.ActiveCfg = Debug|iPhone
		{6E4CAD49-AFDB-4F04-9236-7D081310CF64}.Debug|iPhone.ActiveCfg = Debug|iPhone
		{6E4CAD49-AFDB-4F04-9236-7D081310CF64}.Debug|iPhone.Build.0 = Debug|iPhone
		{6E4CAD49-AFDB-4F04-9236-7D081310CF64}.Debug|iPhoneSimulator.ActiveCfg = Debug|iPhoneSimulator
		{6E4CAD49-AFDB-4F04-9236-7D081310CF64}.Debug|iPhoneSimulator.Build.0 = Debug|iPhoneSimulator
		{6E4CAD49-AFDB-4F04-9236-7D081310CF64}.Debug|x64.ActiveCfg = Debug|iPhone
		{6E4CAD49-AFDB-4F04-9236-7D081310CF64}.Debug|x86.ActiveCfg = Debug|iPhone
		{6E4CAD49-AFDB-4F04-9236-7D081310CF64}.Release|Any CPU.ActiveCfg = Release|iPhone
		{6E4CAD49-AFDB-4F04-9236-7D081310CF64}.Release|ARM.ActiveCfg = Release|iPhone
		{6E4CAD49-AFDB-4F04-9236-7D081310CF64}.Release|iPhone.ActiveCfg = Release|iPhone
		{6E4CAD49-AFDB-4F04-9236-7D081310CF64}.Release|iPhone.Build.0 = Release|iPhone
		{6E4CAD49-AFDB-4F04-9236-7D081310CF64}.Release|iPhoneSimulator.ActiveCfg = Release|iPhoneSimulator
		{6E4CAD49-AFDB-4F04-9236-7D081310CF64}.Release|iPhoneSimulator.Build.0 = Release|iPhoneSimulator
		{6E4CAD49-AFDB-4F04-9236-7D081310CF64}.Release|x64.ActiveCfg = Release|iPhone
		{6E4CAD49-AFDB-4F04-9236-7D081310CF64}.Release|x86.ActiveCfg = Release|iPhone
		{BD03AC12-B6B2-49C6-95EA-2B40BA2A52AA}.Ad-Hoc|Any CPU.ActiveCfg = Release|x86
		{BD03AC12-B6B2-49C6-95EA-2B40BA2A52AA}.Ad-Hoc|Any CPU.Build.0 = Release|x86
		{BD03AC12-B6B2-49C6-95EA-2B40BA2A52AA}.Ad-Hoc|Any CPU.Deploy.0 = Release|x86
		{BD03AC12-B6B2-49C6-95EA-2B40BA2A52AA}.Ad-Hoc|ARM.ActiveCfg = Release|ARM
		{BD03AC12-B6B2-49C6-95EA-2B40BA2A52AA}.Ad-Hoc|ARM.Build.0 = Release|ARM
		{BD03AC12-B6B2-49C6-95EA-2B40BA2A52AA}.Ad-Hoc|ARM.Deploy.0 = Release|ARM
		{BD03AC12-B6B2-49C6-95EA-2B40BA2A52AA}.Ad-Hoc|iPhone.ActiveCfg = Release|x86
		{BD03AC12-B6B2-49C6-95EA-2B40BA2A52AA}.Ad-Hoc|iPhone.Build.0 = Release|x86
		{BD03AC12-B6B2-49C6-95EA-2B40BA2A52AA}.Ad-Hoc|iPhone.Deploy.0 = Release|x86
		{BD03AC12-B6B2-49C6-95EA-2B40BA2A52AA}.Ad-Hoc|iPhoneSimulator.ActiveCfg = Release|x86
		{BD03AC12-B6B2-49C6-95EA-2B40BA2A52AA}.Ad-Hoc|iPhoneSimulator.Build.0 = Release|x86
		{BD03AC12-B6B2-49C6-95EA-2B40BA2A52AA}.Ad-Hoc|iPhoneSimulator.Deploy.0 = Release|x86
		{BD03AC12-B6B2-49C6-95EA-2B40BA2A52AA}.Ad-Hoc|x64.ActiveCfg = Release|x64
		{BD03AC12-B6B2-49C6-95EA-2B40BA2A52AA}.Ad-Hoc|x64.Build.0 = Release|x64
		{BD03AC12-B6B2-49C6-95EA-2B40BA2A52AA}.Ad-Hoc|x64.Deploy.0 = Release|x64
		{BD03AC12-B6B2-49C6-95EA-2B40BA2A52AA}.Ad-Hoc|x86.ActiveCfg = Release|x86
		{BD03AC12-B6B2-49C6-95EA-2B40BA2A52AA}.Ad-Hoc|x86.Build.0 = Release|x86
		{BD03AC12-B6B2-49C6-95EA-2B40BA2A52AA}.Ad-Hoc|x86.Deploy.0 = Release|x86
		{BD03AC12-B6B2-49C6-95EA-2B40BA2A52AA}.AppStore|Any CPU.ActiveCfg = Release|x86
		{BD03AC12-B6B2-49C6-95EA-2B40BA2A52AA}.AppStore|Any CPU.Build.0 = Release|x86
		{BD03AC12-B6B2-49C6-95EA-2B40BA2A52AA}.AppStore|Any CPU.Deploy.0 = Release|x86
		{BD03AC12-B6B2-49C6-95EA-2B40BA2A52AA}.AppStore|ARM.ActiveCfg = Release|ARM
		{BD03AC12-B6B2-49C6-95EA-2B40BA2A52AA}.AppStore|ARM.Build.0 = Release|ARM
		{BD03AC12-B6B2-49C6-95EA-2B40BA2A52AA}.AppStore|ARM.Deploy.0 = Release|ARM
		{BD03AC12-B6B2-49C6-95EA-2B40BA2A52AA}.AppStore|iPhone.ActiveCfg = Release|x86
		{BD03AC12-B6B2-49C6-95EA-2B40BA2A52AA}.AppStore|iPhone.Build.0 = Release|x86
		{BD03AC12-B6B2-49C6-95EA-2B40BA2A52AA}.AppStore|iPhone.Deploy.0 = Release|x86
		{BD03AC12-B6B2-49C6-95EA-2B40BA2A52AA}.AppStore|iPhoneSimulator.ActiveCfg = Release|x86
		{BD03AC12-B6B2-49C6-95EA-2B40BA2A52AA}.AppStore|iPhoneSimulator.Build.0 = Release|x86
		{BD03AC12-B6B2-49C6-95EA-2B40BA2A52AA}.AppStore|iPhoneSimulator.Deploy.0 = Release|x86
		{BD03AC12-B6B2-49C6-95EA-2B40BA2A52AA}.AppStore|x64.ActiveCfg = Release|x64
		{BD03AC12-B6B2-49C6-95EA-2B40BA2A52AA}.AppStore|x64.Build.0 = Release|x64
		{BD03AC12-B6B2-49C6-95EA-2B40BA2A52AA}.AppStore|x64.Deploy.0 = Release|x64
		{BD03AC12-B6B2-49C6-95EA-2B40BA2A52AA}.AppStore|x86.ActiveCfg = Release|x86
		{BD03AC12-B6B2-49C6-95EA-2B40BA2A52AA}.AppStore|x86.Build.0 = Release|x86
		{BD03AC12-B6B2-49C6-95EA-2B40BA2A52AA}.AppStore|x86.Deploy.0 = Release|x86
		{BD03AC12-B6B2-49C6-95EA-2B40BA2A52AA}.Debug|Any CPU.ActiveCfg = Debug|x86
		{BD03AC12-B6B2-49C6-95EA-2B40BA2A52AA}.Debug|ARM.ActiveCfg = Debug|ARM
		{BD03AC12-B6B2-49C6-95EA-2B40BA2A52AA}.Debug|ARM.Build.0 = Debug|ARM
		{BD03AC12-B6B2-49C6-95EA-2B40BA2A52AA}.Debug|ARM.Deploy.0 = Debug|ARM
		{BD03AC12-B6B2-49C6-95EA-2B40BA2A52AA}.Debug|iPhone.ActiveCfg = Debug|x86
		{BD03AC12-B6B2-49C6-95EA-2B40BA2A52AA}.Debug|iPhoneSimulator.ActiveCfg = Debug|x86
		{BD03AC12-B6B2-49C6-95EA-2B40BA2A52AA}.Debug|x64.ActiveCfg = Debug|x64
		{BD03AC12-B6B2-49C6-95EA-2B40BA2A52AA}.Debug|x64.Build.0 = Debug|x64
		{BD03AC12-B6B2-49C6-95EA-2B40BA2A52AA}.Debug|x64.Deploy.0 = Debug|x64
		{BD03AC12-B6B2-49C6-95EA-2B40BA2A52AA}.Debug|x86.ActiveCfg = Debug|x86
		{BD03AC12-B6B2-49C6-95EA-2B40BA2A52AA}.Debug|x86.Build.0 = Debug|x86
		{BD03AC12-B6B2-49C6-95EA-2B40BA2A52AA}.Debug|x86.Deploy.0 = Debug|x86
		{BD03AC12-B6B2-49C6-95EA-2B40BA2A52AA}.Release|Any CPU.ActiveCfg = Release|x86
		{BD03AC12-B6B2-49C6-95EA-2B40BA2A52AA}.Release|ARM.ActiveCfg = Release|ARM
		{BD03AC12-B6B2-49C6-95EA-2B40BA2A52AA}.Release|ARM.Build.0 = Release|ARM
		{BD03AC12-B6B2-49C6-95EA-2B40BA2A52AA}.Release|ARM.Deploy.0 = Release|ARM
		{BD03AC12-B6B2-49C6-95EA-2B40BA2A52AA}.Release|iPhone.ActiveCfg = Release|x86
		{BD03AC12-B6B2-49C6-95EA-2B40BA2A52AA}.Release|iPhoneSimulator.ActiveCfg = Release|x86
		{BD03AC12-B6B2-49C6-95EA-2B40BA2A52AA}.Release|x64.ActiveCfg = Release|x64
		{BD03AC12-B6B2-49C6-95EA-2B40BA2A52AA}.Release|x64.Build.0 = Release|x64
		{BD03AC12-B6B2-49C6-95EA-2B40BA2A52AA}.Release|x64.Deploy.0 = Release|x64
		{BD03AC12-B6B2-49C6-95EA-2B40BA2A52AA}.Release|x86.ActiveCfg = Release|x86
		{BD03AC12-B6B2-49C6-95EA-2B40BA2A52AA}.Release|x86.Build.0 = Release|x86
		{BD03AC12-B6B2-49C6-95EA-2B40BA2A52AA}.Release|x86.Deploy.0 = Release|x86
	EndGlobalSection
	GlobalSection(SolutionProperties) = preSolution
		HideSolutionNode = FALSE
	EndGlobalSection
	GlobalSection(NestedProjects) = preSolution
		{67F9D3A8-F71E-4428-913F-C37AE82CDB24} = {00727F92-5CEC-4B5F-B679-8AA07ACD357B}
		{C104FB67-F533-40DC-ABDC-D8685B05A314} = {FC68691D-D6E6-4E03-A511-6EA1EAF48223}
		{983F3A89-D9C7-4B6D-9B3B-E16C312C6A56} = {FC68691D-D6E6-4E03-A511-6EA1EAF48223}
		{6E4CAD49-AFDB-4F04-9236-7D081310CF64} = {FC68691D-D6E6-4E03-A511-6EA1EAF48223}
		{BD03AC12-B6B2-49C6-95EA-2B40BA2A52AA} = {FC68691D-D6E6-4E03-A511-6EA1EAF48223}
	EndGlobalSection
EndGlobal
